"@emnapi/runtime@npm:^1.5.0":
  version: 1.5.0
  resolution: "@emnapi/runtime@npm:1.5.0"
  dependencies:
    tslib: "npm:^2.4.0"
  checksum: 10/5311ce854306babc77f4bd94c2f973722714a0fab93c126239104ad52dea16a147bfed4c4cff3ca1eb32709607221c25d2f747ae8524cbeb9088058f02ff962b
  languageName: node
  linkType: hard

"@img/colour@npm:^1.0.0":
  version: 1.0.0
  resolution: "@img/colour@npm:1.0.0"
  checksum: 10/bd248d7c4b8ba99a72b22a005a63f1d3309ee8343a74b6d0d1314bae300a3096919991a09e9a9243cf6ca50e393b4c5a7e065488ed616c3b58d052473240b812
  languageName: node
  linkType: hard

"@img/sharp-darwin-arm64@npm:0.34.4":
  version: 0.34.4
  resolution: "@img/sharp-darwin-arm64@npm:0.34.4"
  dependencies:
    "@img/sharp-libvips-darwin-arm64": "npm:1.2.3"
  dependenciesMeta:
    "@img/sharp-libvips-darwin-arm64":
      optional: true
  conditions: os=darwin & cpu=arm64
  languageName: node
  linkType: hard

"@img/sharp-darwin-x64@npm:0.34.4":
  version: 0.34.4
  resolution: "@img/sharp-darwin-x64@npm:0.34.4"
  dependencies:
    "@img/sharp-libvips-darwin-x64": "npm:1.2.3"
  dependenciesMeta:
    "@img/sharp-libvips-darwin-x64":
      optional: true
  conditions: os=darwin & cpu=x64
  languageName: node
  linkType: hard

"@img/sharp-libvips-darwin-arm64@npm:1.2.3":
  version: 1.2.3
  resolution: "@img/sharp-libvips-darwin-arm64@npm:1.2.3"
  conditions: os=darwin & cpu=arm64
  languageName: node
  linkType: hard

"@img/sharp-libvips-darwin-x64@npm:1.2.3":
  version: 1.2.3
  resolution: "@img/sharp-libvips-darwin-x64@npm:1.2.3"
  conditions: os=darwin & cpu=x64
  languageName: node
  linkType: hard

"@img/sharp-libvips-linux-arm64@npm:1.2.3":
  version: 1.2.3
  resolution: "@img/sharp-libvips-linux-arm64@npm:1.2.3"
  conditions: os=linux & cpu=arm64 & libc=glibc
  languageName: node
  linkType: hard

"@img/sharp-libvips-linux-arm@npm:1.2.3":
  version: 1.2.3
  resolution: "@img/sharp-libvips-linux-arm@npm:1.2.3"
  conditions: os=linux & cpu=arm & libc=glibc
  languageName: node
  linkType: hard

"@img/sharp-libvips-linux-ppc64@npm:1.2.3":
  version: 1.2.3
  resolution: "@img/sharp-libvips-linux-ppc64@npm:1.2.3"
  conditions: os=linux & cpu=ppc64 & libc=glibc
  languageName: node
  linkType: hard

"@img/sharp-libvips-linux-s390x@npm:1.2.3":
  version: 1.2.3
  resolution: "@img/sharp-libvips-linux-s390x@npm:1.2.3"
  conditions: os=linux & cpu=s390x & libc=glibc
  languageName: node
  linkType: hard

"@img/sharp-libvips-linux-x64@npm:1.2.3":
  version: 1.2.3
  resolution: "@img/sharp-libvips-linux-x64@npm:1.2.3"
  conditions: os=linux & cpu=x64 & libc=glibc
  languageName: node
  linkType: hard

"@img/sharp-libvips-linuxmusl-arm64@npm:1.2.3":
  version: 1.2.3
  resolution: "@img/sharp-libvips-linuxmusl-arm64@npm:1.2.3"
  conditions: os=linux & cpu=arm64 & libc=musl
  languageName: node
  linkType: hard

"@img/sharp-libvips-linuxmusl-x64@npm:1.2.3":
  version: 1.2.3
  resolution: "@img/sharp-libvips-linuxmusl-x64@npm:1.2.3"
  conditions: os=linux & cpu=x64 & libc=musl
  languageName: node
  linkType: hard

"@img/sharp-linux-arm64@npm:0.34.4":
  version: 0.34.4
  resolution: "@img/sharp-linux-arm64@npm:0.34.4"
  dependencies:
    "@img/sharp-libvips-linux-arm64": "npm:1.2.3"
  dependenciesMeta:
    "@img/sharp-libvips-linux-arm64":
      optional: true
  conditions: os=linux & cpu=arm64 & libc=glibc
  languageName: node
  linkType: hard

"@img/sharp-linux-arm@npm:0.34.4":
  version: 0.34.4
  resolution: "@img/sharp-linux-arm@npm:0.34.4"
  dependencies:
    "@img/sharp-libvips-linux-arm": "npm:1.2.3"
  dependenciesMeta:
    "@img/sharp-libvips-linux-arm":
      optional: true
  conditions: os=linux & cpu=arm & libc=glibc
  languageName: node
  linkType: hard

"@img/sharp-linux-ppc64@npm:0.34.4":
  version: 0.34.4
  resolution: "@img/sharp-linux-ppc64@npm:0.34.4"
  dependencies:
    "@img/sharp-libvips-linux-ppc64": "npm:1.2.3"
  dependenciesMeta:
    "@img/sharp-libvips-linux-ppc64":
      optional: true
  conditions: os=linux & cpu=ppc64 & libc=glibc
  languageName: node
  linkType: hard

"@img/sharp-linux-s390x@npm:0.34.4":
  version: 0.34.4
  resolution: "@img/sharp-linux-s390x@npm:0.34.4"
  dependencies:
    "@img/sharp-libvips-linux-s390x": "npm:1.2.3"
  dependenciesMeta:
    "@img/sharp-libvips-linux-s390x":
      optional: true
  conditions: os=linux & cpu=s390x & libc=glibc
  languageName: node
  linkType: hard

"@img/sharp-linux-x64@npm:0.34.4":
  version: 0.34.4
  resolution: "@img/sharp-linux-x64@npm:0.34.4"
  dependencies:
    "@img/sharp-libvips-linux-x64": "npm:1.2.3"
  dependenciesMeta:
    "@img/sharp-libvips-linux-x64":
      optional: true
  conditions: os=linux & cpu=x64 & libc=glibc
  languageName: node
  linkType: hard

"@img/sharp-linuxmusl-arm64@npm:0.34.4":
  version: 0.34.4
  resolution: "@img/sharp-linuxmusl-arm64@npm:0.34.4"
  dependencies:
    "@img/sharp-libvips-linuxmusl-arm64": "npm:1.2.3"
  dependenciesMeta:
    "@img/sharp-libvips-linuxmusl-arm64":
      optional: true
  conditions: os=linux & cpu=arm64 & libc=musl
  languageName: node
  linkType: hard

"@img/sharp-linuxmusl-x64@npm:0.34.4":
  version: 0.34.4
  resolution: "@img/sharp-linuxmusl-x64@npm:0.34.4"
  dependencies:
    "@img/sharp-libvips-linuxmusl-x64": "npm:1.2.3"
  dependenciesMeta:
    "@img/sharp-libvips-linuxmusl-x64":
      optional: true
  conditions: os=linux & cpu=x64 & libc=musl
  languageName: node
  linkType: hard

"@img/sharp-wasm32@npm:0.34.4":
  version: 0.34.4
  resolution: "@img/sharp-wasm32@npm:0.34.4"
  dependencies:
    "@emnapi/runtime": "npm:^1.5.0"
  conditions: cpu=wasm32
  languageName: node
  linkType: hard

"@img/sharp-win32-arm64@npm:0.34.4":
  version: 0.34.4
  resolution: "@img/sharp-win32-arm64@npm:0.34.4"
  conditions: os=win32 & cpu=arm64
  languageName: node
  linkType: hard

"@img/sharp-win32-ia32@npm:0.34.4":
  version: 0.34.4
  resolution: "@img/sharp-win32-ia32@npm:0.34.4"
  conditions: os=win32 & cpu=ia32
  languageName: node
  linkType: hard

"@img/sharp-win32-x64@npm:0.34.4":
  version: 0.34.4
  resolution: "@img/sharp-win32-x64@npm:0.34.4"
  conditions: os=win32 & cpu=x64
  languageName: node
  linkType: hard

"@next/env@npm:15.5.4":
  version: 15.5.4
  resolution: "@next/env@npm:15.5.4"
  checksum: 10/0727ef6dbb15c04d85119e3d4b28e000ca0a4dbb8bce46b2657181776545912181c74dd370e75ea8157bffbaf33bc687bd34c49b33e0b3a598c22295892ae1d9
"@next/swc-darwin-arm64@npm:15.5.4":
  version: 15.5.4
  resolution: "@next/swc-darwin-arm64@npm:15.5.4"
"@next/swc-darwin-x64@npm:15.5.4":
  version: 15.5.4
  resolution: "@next/swc-darwin-x64@npm:15.5.4"
"@next/swc-linux-arm64-gnu@npm:15.5.4":
  version: 15.5.4
  resolution: "@next/swc-linux-arm64-gnu@npm:15.5.4"
"@next/swc-linux-arm64-musl@npm:15.5.4":
  version: 15.5.4
  resolution: "@next/swc-linux-arm64-musl@npm:15.5.4"
"@next/swc-linux-x64-gnu@npm:15.5.4":
  version: 15.5.4
  resolution: "@next/swc-linux-x64-gnu@npm:15.5.4"
"@next/swc-linux-x64-musl@npm:15.5.4":
  version: 15.5.4
  resolution: "@next/swc-linux-x64-musl@npm:15.5.4"
"@next/swc-win32-arm64-msvc@npm:15.5.4":
  version: 15.5.4
  resolution: "@next/swc-win32-arm64-msvc@npm:15.5.4"
"@next/swc-win32-x64-msvc@npm:15.5.4":
  version: 15.5.4
  resolution: "@next/swc-win32-x64-msvc@npm:15.5.4"
    next: "patch:next@15.5.4#../../.yarn/patches/next-npm-15.5.4-2693b30f50.patch"
"detect-libc@npm:^2.1.0":
  version: 2.1.1
  resolution: "detect-libc@npm:2.1.1"
  checksum: 10/23244632be44caa726f68f0b257f58d1fd86a60918674737bca9acf40d6509a919c60252998256c81e73d4a8350f0a53eef8a4eef538f80e3906986fb61a64eb
  languageName: node
  linkType: hard

"next@npm:15.5.4":
  version: 15.5.4
  resolution: "next@npm:15.5.4"
    "@next/env": "npm:15.5.4"
    "@next/swc-darwin-arm64": "npm:15.5.4"
    "@next/swc-darwin-x64": "npm:15.5.4"
    "@next/swc-linux-arm64-gnu": "npm:15.5.4"
    "@next/swc-linux-arm64-musl": "npm:15.5.4"
    "@next/swc-linux-x64-gnu": "npm:15.5.4"
    "@next/swc-linux-x64-musl": "npm:15.5.4"
    "@next/swc-win32-arm64-msvc": "npm:15.5.4"
    "@next/swc-win32-x64-msvc": "npm:15.5.4"
    sharp: "npm:^0.34.3"
    "@playwright/test": ^1.51.1
  checksum: 10/6cc933dd0e829e122e0232776b6fda5d9ff1a3c9c5f423163bb5962c524c479e0ad21cd8a6556ac028a17758b56e3988af4e11c5792ad986c973a370e42d1689
"next@patch:next@15.5.4#../../.yarn/patches/next-npm-15.5.4-2693b30f50.patch::locator=%40safe-global%2Fweb%40workspace%3Aapps%2Fweb":
  version: 15.5.4
  resolution: "next@patch:next@npm%3A15.5.4#../../.yarn/patches/next-npm-15.5.4-2693b30f50.patch::version=15.5.4&hash=8d2ea6&locator=%40safe-global%2Fweb%40workspace%3Aapps%2Fweb"
    "@next/env": "npm:15.5.4"
    "@next/swc-darwin-arm64": "npm:15.5.4"
    "@next/swc-darwin-x64": "npm:15.5.4"
    "@next/swc-linux-arm64-gnu": "npm:15.5.4"
    "@next/swc-linux-arm64-musl": "npm:15.5.4"
    "@next/swc-linux-x64-gnu": "npm:15.5.4"
    "@next/swc-linux-x64-musl": "npm:15.5.4"
    "@next/swc-win32-arm64-msvc": "npm:15.5.4"
    "@next/swc-win32-x64-msvc": "npm:15.5.4"
    sharp: "npm:^0.34.3"
    "@playwright/test": ^1.51.1
  checksum: 10/d75d4625722029e1effca501e362132c0c3ba09682448f0006e1771ddfa27ab0fb271fa51e86676c47f2415da6f9e1285d46f4b8d5cf45b7e352c5d2f0be638e
"sharp@npm:^0.34.3":
  version: 0.34.4
  resolution: "sharp@npm:0.34.4"
  dependencies:
    "@img/colour": "npm:^1.0.0"
    "@img/sharp-darwin-arm64": "npm:0.34.4"
    "@img/sharp-darwin-x64": "npm:0.34.4"
    "@img/sharp-libvips-darwin-arm64": "npm:1.2.3"
    "@img/sharp-libvips-darwin-x64": "npm:1.2.3"
    "@img/sharp-libvips-linux-arm": "npm:1.2.3"
    "@img/sharp-libvips-linux-arm64": "npm:1.2.3"
    "@img/sharp-libvips-linux-ppc64": "npm:1.2.3"
    "@img/sharp-libvips-linux-s390x": "npm:1.2.3"
    "@img/sharp-libvips-linux-x64": "npm:1.2.3"
    "@img/sharp-libvips-linuxmusl-arm64": "npm:1.2.3"
    "@img/sharp-libvips-linuxmusl-x64": "npm:1.2.3"
    "@img/sharp-linux-arm": "npm:0.34.4"
    "@img/sharp-linux-arm64": "npm:0.34.4"
    "@img/sharp-linux-ppc64": "npm:0.34.4"
    "@img/sharp-linux-s390x": "npm:0.34.4"
    "@img/sharp-linux-x64": "npm:0.34.4"
    "@img/sharp-linuxmusl-arm64": "npm:0.34.4"
    "@img/sharp-linuxmusl-x64": "npm:0.34.4"
    "@img/sharp-wasm32": "npm:0.34.4"
    "@img/sharp-win32-arm64": "npm:0.34.4"
    "@img/sharp-win32-ia32": "npm:0.34.4"
    "@img/sharp-win32-x64": "npm:0.34.4"
    detect-libc: "npm:^2.1.0"
    semver: "npm:^7.7.2"
  dependenciesMeta:
    "@img/sharp-darwin-arm64":
      optional: true
    "@img/sharp-darwin-x64":
      optional: true
    "@img/sharp-libvips-darwin-arm64":
      optional: true
    "@img/sharp-libvips-darwin-x64":
      optional: true
    "@img/sharp-libvips-linux-arm":
      optional: true
    "@img/sharp-libvips-linux-arm64":
      optional: true
    "@img/sharp-libvips-linux-ppc64":
      optional: true
    "@img/sharp-libvips-linux-s390x":
      optional: true
    "@img/sharp-libvips-linux-x64":
      optional: true
    "@img/sharp-libvips-linuxmusl-arm64":
      optional: true
    "@img/sharp-libvips-linuxmusl-x64":
      optional: true
    "@img/sharp-linux-arm":
      optional: true
    "@img/sharp-linux-arm64":
      optional: true
    "@img/sharp-linux-ppc64":
      optional: true
    "@img/sharp-linux-s390x":
      optional: true
    "@img/sharp-linux-x64":
      optional: true
    "@img/sharp-linuxmusl-arm64":
      optional: true
    "@img/sharp-linuxmusl-x64":
      optional: true
    "@img/sharp-wasm32":
      optional: true
    "@img/sharp-win32-arm64":
      optional: true
    "@img/sharp-win32-ia32":
      optional: true
    "@img/sharp-win32-x64":
      optional: true
  checksum: 10/8e6268e3b0fba7704291684e63c2829963a5ec311d8a8ebbcd32d750c4efb0b01594d925d289ccb5ac0ac373df40fedf5a05a8f331470db799b9c78c48923cba
  languageName: node
  linkType: hard

