# This file is generated by running "yarn install" inside your project.
# Manual changes might be lost - proceed with caution!

__metadata:
  version: 6
  cacheKey: 10

"@inquirer/confirm@npm:^5.0.0":
  version: 5.1.1
  resolution: "@inquirer/confirm@npm:5.1.1"
  dependencies:
    "@inquirer/core": "npm:^10.1.2"
    "@inquirer/type": "npm:^3.0.2"
  peerDependencies:
    "@types/node": ">=18"
  checksum: 060acc8b82835efb8950853b4cd226cac2e06c2b2c1a69bcc6e044cfaedd89b2df3d8bbf9ddf31b47cba3dafd8ca6c6e2c4be3f2ea413fad7250aafeab52f1e1
  languageName: node
  linkType: hard

"@inquirer/core@npm:^10.1.2":
  version: 10.1.2
  resolution: "@inquirer/core@npm:10.1.2"
  dependencies:
    "@inquirer/figures": "npm:^1.0.9"
    "@inquirer/type": "npm:^3.0.2"
    ansi-escapes: "npm:^4.3.2"
    cli-width: "npm:^4.1.0"
    mute-stream: "npm:^2.0.0"
    signal-exit: "npm:^4.1.0"
    strip-ansi: "npm:^6.0.1"
    wrap-ansi: "npm:^6.2.0"
    yoctocolors-cjs: "npm:^2.1.2"
  checksum: e92ade5ba7dbcfd83629db2df7fb91877ac777a7f1e03a16b0d5c08621dafe09d321c5f14b37c2dca80a3db2d68e5a478f8eaeafcb62ed42c46e7349b7276094
  languageName: node
  linkType: hard

"@inquirer/figures@npm:^1.0.9":
  version: 1.0.9
  resolution: "@inquirer/figures@npm:1.0.9"
  checksum: 7ced1275a5826cdeb61797d6c068417e7d52aa87894de18cedd259f783f42d731226c3f8b92cab27b8e7b0e31ab1dd3cd77f16935b67ebe1cbb271e5972d7758
  languageName: node
  linkType: hard

"@inquirer/type@npm:^3.0.2":
  version: 3.0.2
  resolution: "@inquirer/type@npm:3.0.2"
  peerDependencies:
    "@types/node": ">=18"
  checksum: d1a2879b1baa357421cef441fc7b43181e110243933763ae922c55c2fc9af2d459ceaca8b71ed57e3dabd5077542fa0dd1d0ff0cf362ce054e61202386b545ed
  languageName: node
  linkType: hard

"@mswjs/interceptors@npm:^0.40.0":
  version: 0.40.0
  resolution: "@mswjs/interceptors@npm:0.40.0"
  dependencies:
    "@open-draft/deferred-promise": ^2.2.0
    "@open-draft/logger": ^0.3.0
    "@open-draft/until": ^2.0.0
    is-node-process: ^1.2.0
    outvariant: ^1.4.3
    strict-event-emitter: ^0.5.1
  checksum: 8/b9d9bd80d2c26d4603a9bf449f5b1379cb039482cfa459e49290f3ddcafa6e4a75b5d9cd4a6283cee6af3df0fa13b7f2556958ef307b390f7e56961c05e2ab57
  languageName: node
  linkType: hard

"@open-draft/deferred-promise@npm:^2.2.0":
  version: 2.2.0
  resolution: "@open-draft/deferred-promise@npm:2.2.0"
  checksum: bc3bb1668a555bb87b33383cafcf207d9561e17d2ca0d9e61b7ce88e82b66e36a333d3676c1d39eb5848022c03c8145331fcdc828ba297f88cb1de9c5cef6c19
  languageName: node
  linkType: hard

"@open-draft/logger@npm:^0.3.0":
  version: 0.3.0
  resolution: "@open-draft/logger@npm:0.3.0"
  dependencies:
    is-node-process: "npm:^1.2.0"
    outvariant: "npm:^1.4.0"
  checksum: 7a280f170bcd4e91d3eedbefe628efd10c3bd06dd2461d06a7fdbced89ef457a38785847f88cc630fb4fd7dfa176d6f77aed17e5a9b08000baff647433b5ff78
  languageName: node
  linkType: hard

"@open-draft/until@npm:^2.0.0":
  version: 2.1.0
  resolution: "@open-draft/until@npm:2.1.0"
  checksum: 622be42950afc8e89715d0fd6d56cbdcd13e36625e23b174bd3d9f06f80e25f9adf75d6698af93bca1e1bf465b9ce00ec05214a12189b671fb9da0f58215b6f4
  languageName: node
  linkType: hard

"@safe-global/safe-wallet@workspace:.":
  version: 0.0.0-use.local
  resolution: "@safe-global/safe-wallet@workspace:."
  dependencies:
    "@yarnpkg/types": ^4.0.1
    husky: ^9.1.6
    lint-staged: ^15.2.10
    msw: ^2.11.5
    prettier: ^3.6.2
  dependenciesMeta:
    cypress:
      built: true
    next:
      built: true
  languageName: unknown
  linkType: soft

"@types/statuses@npm:^2.0.4":
  version: 2.0.5
  resolution: "@types/statuses@npm:2.0.5"
  checksum: 3f2609f660b45a878c6782f2fb2cef9f08bbd4e89194bf7512e747b8a73b056839be1ad6f64b1353765528cd8a5e93adeffc471cde24d0d9f7b528264e7154e5
  languageName: node
  linkType: hard

"@yarnpkg/types@npm:^4.0.1":
  version: 4.0.1
  resolution: "@yarnpkg/types@npm:4.0.1"
  dependencies:
    tslib: "npm:^2.4.0"
  checksum: f391763cd955356e9aad551b29e8de7bbf68a6c8992af7cdc950ccf53f8aff6695ad81aa4c8a8e7c582786a840a4f30617732e2cb49f4109b971a9242c31c9fc
  languageName: node
  linkType: hard

"ansi-escapes@npm:^4.3.2":
  version: 4.3.2
  resolution: "ansi-escapes@npm:4.3.2"
  dependencies:
    type-fest: "npm:^0.21.3"
  checksum: 8661034456193ffeda0c15c8c564a9636b0c04094b7f78bd01517929c17c504090a60f7a75f949f5af91289c264d3e1001d91492c1bd58efc8e100500ce04de2
  languageName: node
  linkType: hard

"ansi-escapes@npm:^7.0.0":
  version: 7.0.0
  resolution: "ansi-escapes@npm:7.0.0"
  dependencies:
    environment: "npm:^1.0.0"
  checksum: 2d0e2345087bd7ae6bf122b9cc05ee35560d40dcc061146edcdc02bc2d7c7c50143cd12a22e69a0b5c0f62b948b7bc9a4539ee888b80f5bd33cdfd82d01a70ab
  languageName: node
  linkType: hard

"ansi-regex@npm:^5.0.1":
  version: 5.0.1
  resolution: "ansi-regex@npm:5.0.1"
  checksum: 2aa4bb54caf2d622f1afdad09441695af2a83aa3fe8b8afa581d205e57ed4261c183c4d3877cee25794443fde5876417d859c108078ab788d6af7e4fe52eb66b
  languageName: node
  linkType: hard

"ansi-regex@npm:^6.0.1":
  version: 6.1.0
  resolution: "ansi-regex@npm:6.1.0"
  checksum: 495834a53b0856c02acd40446f7130cb0f8284f4a39afdab20d5dc42b2e198b1196119fe887beed8f9055c4ff2055e3b2f6d4641d0be018cdfb64fedf6fc1aac
  languageName: node
  linkType: hard

"ansi-styles@npm:^4.0.0":
  version: 4.3.0
  resolution: "ansi-styles@npm:4.3.0"
  dependencies:
    color-convert: "npm:^2.0.1"
  checksum: b4494dfbfc7e4591b4711a396bd27e540f8153914123dccb4cdbbcb514015ada63a3809f362b9d8d4f6b17a706f1d7bea3c6f974b15fa5ae76b5b502070889ff
  languageName: node
  linkType: hard

"ansi-styles@npm:^6.0.0, ansi-styles@npm:^6.2.1":
  version: 6.2.1
  resolution: "ansi-styles@npm:6.2.1"
  checksum: 70fdf883b704d17a5dfc9cde206e698c16bcd74e7f196ab821511651aee4f9f76c9514bdfa6ca3a27b5e49138b89cb222a28caf3afe4567570139577f991df32
  languageName: node
  linkType: hard

"braces@npm:^3.0.3":
  version: 3.0.3
  resolution: "braces@npm:3.0.3"
  dependencies:
    fill-range: "npm:^7.1.1"
  checksum: fad11a0d4697a27162840b02b1fad249c1683cbc510cd5bf1a471f2f8085c046d41094308c577a50a03a579dd99d5a6b3724c4b5e8b14df2c4443844cfcda2c6
  languageName: node
  linkType: hard

"chalk@npm:~5.3.0":
  version: 5.3.0
  resolution: "chalk@npm:5.3.0"
  checksum: 6373caaab21bd64c405bfc4bd9672b145647fc9482657b5ea1d549b3b2765054e9d3d928870cdf764fb4aad67555f5061538ff247b8310f110c5c888d92397ea
  languageName: node
  linkType: hard

"cli-cursor@npm:^5.0.0":
  version: 5.0.0
  resolution: "cli-cursor@npm:5.0.0"
  dependencies:
    restore-cursor: "npm:^5.0.0"
  checksum: 1eb9a3f878b31addfe8d82c6d915ec2330cec8447ab1f117f4aa34f0137fbb3137ec3466e1c9a65bcb7557f6e486d343f2da57f253a2f668d691372dfa15c090
  languageName: node
  linkType: hard

"cli-truncate@npm:^4.0.0":
  version: 4.0.0
  resolution: "cli-truncate@npm:4.0.0"
  dependencies:
    slice-ansi: "npm:^5.0.0"
    string-width: "npm:^7.0.0"
  checksum: d5149175fd25ca985731bdeec46a55ec237475cf74c1a5e103baea696aceb45e372ac4acbaabf1316f06bd62e348123060f8191ffadfeedebd2a70a2a7fb199d
  languageName: node
  linkType: hard

"cli-width@npm:^4.1.0":
  version: 4.1.0
  resolution: "cli-width@npm:4.1.0"
  checksum: b58876fbf0310a8a35c79b72ecfcf579b354e18ad04e6b20588724ea2b522799a758507a37dfe132fafaf93a9922cafd9514d9e1598e6b2cd46694853aed099f
  languageName: node
  linkType: hard

"cliui@npm:^8.0.1":
  version: 8.0.1
  resolution: "cliui@npm:8.0.1"
  dependencies:
    string-width: "npm:^4.2.0"
    strip-ansi: "npm:^6.0.1"
    wrap-ansi: "npm:^7.0.0"
  checksum: eaa5561aeb3135c2cddf7a3b3f562fc4238ff3b3fc666869ef2adf264be0f372136702f16add9299087fb1907c2e4ec5dbfe83bd24bce815c70a80c6c1a2e950
  languageName: node
  linkType: hard

"color-convert@npm:^2.0.1":
  version: 2.0.1
  resolution: "color-convert@npm:2.0.1"
  dependencies:
    color-name: "npm:~1.1.4"
  checksum: fa00c91b4332b294de06b443923246bccebe9fab1b253f7fe1772d37b06a2269b4039a85e309abe1fe11b267b11c08d1d0473fda3badd6167f57313af2887a64
  languageName: node
  linkType: hard

"color-name@npm:~1.1.4":
  version: 1.1.4
  resolution: "color-name@npm:1.1.4"
  checksum: b0445859521eb4021cd0fb0cc1a75cecf67fceecae89b63f62b201cca8d345baf8b952c966862a9d9a2632987d4f6581f0ec8d957dfacece86f0a7919316f610
  languageName: node
  linkType: hard

"colorette@npm:^2.0.20":
  version: 2.0.20
  resolution: "colorette@npm:2.0.20"
  checksum: 0b8de48bfa5d10afc160b8eaa2b9938f34a892530b2f7d7897e0458d9535a066e3998b49da9d21161c78225b272df19ae3a64d6df28b4c9734c0e55bbd02406f
  languageName: node
  linkType: hard

"commander@npm:~12.1.0":
  version: 12.1.0
  resolution: "commander@npm:12.1.0"
  checksum: cdaeb672d979816853a4eed7f1310a9319e8b976172485c2a6b437ed0db0a389a44cfb222bfbde772781efa9f215bdd1b936f80d6b249485b465c6cb906e1f93
  languageName: node
  linkType: hard

"cookie@npm:^1.0.2":
  version: 1.0.2
  resolution: "cookie@npm:1.0.2"
  checksum: 8/2c5a6214147ffa7135ce41860c781de17e93128689b0d080d3116468274b3593b607bcd462ac210d3a61f081db3d3b09ae106e18d60b1f529580e95cf2db8a55
  languageName: node
  linkType: hard

"cross-spawn@npm:^7.0.3":
  version: 7.0.6
  resolution: "cross-spawn@npm:7.0.6"
  dependencies:
    path-key: "npm:^3.1.0"
    shebang-command: "npm:^2.0.0"
    which: "npm:^2.0.1"
  checksum: 0d52657d7ae36eb130999dffff1168ec348687b48dd38e2ff59992ed916c88d328cf1d07ff4a4a10bc78de5e1c23f04b306d569e42f7a2293915c081e4dfee86
  languageName: node
  linkType: hard

"debug@npm:~4.4.0":
  version: 4.4.0
  resolution: "debug@npm:4.4.0"
  dependencies:
    ms: "npm:^2.1.3"
  peerDependenciesMeta:
    supports-color:
      optional: true
  checksum: 1847944c2e3c2c732514b93d11886575625686056cd765336212dc15de2d2b29612b6cd80e1afba767bb8e1803b778caf9973e98169ef1a24a7a7009e1820367
  languageName: node
  linkType: hard

"emoji-regex@npm:^10.3.0":
  version: 10.4.0
  resolution: "emoji-regex@npm:10.4.0"
  checksum: 76bb92c5bcf0b6980d37e535156231e4a9d0aa6ab3b9f5eabf7690231d5aa5d5b8e516f36e6804cbdd0f1c23dfef2a60c40ab7bb8aedd890584281a565b97c50
  languageName: node
  linkType: hard

"emoji-regex@npm:^8.0.0":
  version: 8.0.0
  resolution: "emoji-regex@npm:8.0.0"
  checksum: c72d67a6821be15ec11997877c437491c313d924306b8da5d87d2a2bcc2cec9903cb5b04ee1a088460501d8e5b44f10df82fdc93c444101a7610b80c8b6938e1
  languageName: node
  linkType: hard

"environment@npm:^1.0.0":
  version: 1.1.0
  resolution: "environment@npm:1.1.0"
  checksum: dd3c1b9825e7f71f1e72b03c2344799ac73f2e9ef81b78ea8b373e55db021786c6b9f3858ea43a436a2c4611052670ec0afe85bc029c384cc71165feee2f4ba6
  languageName: node
  linkType: hard

"escalade@npm:^3.1.1":
  version: 3.2.0
  resolution: "escalade@npm:3.2.0"
  checksum: 9d7169e3965b2f9ae46971afa392f6e5a25545ea30f2e2dd99c9b0a95a3f52b5653681a84f5b2911a413ddad2d7a93d3514165072f349b5ffc59c75a899970d6
  languageName: node
  linkType: hard

"eventemitter3@npm:^5.0.1":
  version: 5.0.1
  resolution: "eventemitter3@npm:5.0.1"
  checksum: ac6423ec31124629c84c7077eed1e6987f6d66c31cf43c6fcbf6c87791d56317ce808d9ead483652436df171b526fc7220eccdc9f3225df334e81582c3cf7dd5
  languageName: node
  linkType: hard

"execa@npm:~8.0.1":
  version: 8.0.1
  resolution: "execa@npm:8.0.1"
  dependencies:
    cross-spawn: "npm:^7.0.3"
    get-stream: "npm:^8.0.1"
    human-signals: "npm:^5.0.0"
    is-stream: "npm:^3.0.0"
    merge-stream: "npm:^2.0.0"
    npm-run-path: "npm:^5.1.0"
    onetime: "npm:^6.0.0"
    signal-exit: "npm:^4.1.0"
    strip-final-newline: "npm:^3.0.0"
  checksum: d2ab5fe1e2bb92b9788864d0713f1fce9a07c4594e272c0c97bc18c90569897ab262e4ea58d27a694d288227a2e24f16f5e2575b44224ad9983b799dc7f1098d
  languageName: node
  linkType: hard

"fill-range@npm:^7.1.1":
  version: 7.1.1
  resolution: "fill-range@npm:7.1.1"
  dependencies:
    to-regex-range: "npm:^5.0.1"
  checksum: a7095cb39e5bc32fada2aa7c7249d3f6b01bd1ce461a61b0adabacccabd9198500c6fb1f68a7c851a657e273fce2233ba869638897f3d7ed2e87a2d89b4436ea
  languageName: node
  linkType: hard

"get-caller-file@npm:^2.0.5":
  version: 2.0.5
  resolution: "get-caller-file@npm:2.0.5"
  checksum: b9769a836d2a98c3ee734a88ba712e62703f1df31b94b784762c433c27a386dd6029ff55c2a920c392e33657d80191edbf18c61487e198844844516f843496b9
  languageName: node
  linkType: hard

"get-east-asian-width@npm:^1.0.0":
  version: 1.3.0
  resolution: "get-east-asian-width@npm:1.3.0"
  checksum: 8e8e779eb28701db7fdb1c8cab879e39e6ae23f52dadd89c8aed05869671cee611a65d4f8557b83e981428623247d8bc5d0c7a4ef3ea7a41d826e73600112ad8
  languageName: node
  linkType: hard

"get-stream@npm:^8.0.1":
  version: 8.0.1
  resolution: "get-stream@npm:8.0.1"
  checksum: dde5511e2e65a48e9af80fea64aff11b4921b14b6e874c6f8294c50975095af08f41bfb0b680c887f28b566dd6ec2cb2f960f9d36a323359be324ce98b766e9e
  languageName: node
  linkType: hard

"graphql@npm:^16.8.1":
  version: 16.10.0
  resolution: "graphql@npm:16.10.0"
  checksum: d42cf81ddcf3a61dfb213217576bf33c326f15b02c4cee369b373dc74100cbdcdc4479b3b797e79b654dabd8fddf50ef65ff75420e9ce5596c02e21f24c9126a
  languageName: node
  linkType: hard

"headers-polyfill@npm:^4.0.2":
  version: 4.0.3
  resolution: "headers-polyfill@npm:4.0.3"
  checksum: 3a008aa2ef71591e2077706efb48db1b2729b90cf646cc217f9b69744e35cca4ba463f39debb6000904aa7de4fada2e5cc682463025d26bcc469c1d99fa5af27
  languageName: node
  linkType: hard

"human-signals@npm:^5.0.0":
  version: 5.0.0
  resolution: "human-signals@npm:5.0.0"
  checksum: 30f8870d831cdcd2d6ec0486a7d35d49384996742052cee792854273fa9dd9e7d5db06bb7985d4953e337e10714e994e0302e90dc6848069171b05ec836d65b0
  languageName: node
  linkType: hard

"husky@npm:^9.1.6":
  version: 9.1.7
  resolution: "husky@npm:9.1.7"
  bin:
    husky: bin.js
  checksum: c2412753f15695db369634ba70f50f5c0b7e5cb13b673d0826c411ec1bd9ddef08c1dad89ea154f57da2521d2605bd64308af748749b27d08c5f563bcd89975f
  languageName: node
  linkType: hard

"is-fullwidth-code-point@npm:^3.0.0":
  version: 3.0.0
  resolution: "is-fullwidth-code-point@npm:3.0.0"
  checksum: 44a30c29457c7fb8f00297bce733f0a64cd22eca270f83e58c105e0d015e45c019491a4ab2faef91ab51d4738c670daff901c799f6a700e27f7314029e99e348
  languageName: node
  linkType: hard

"is-fullwidth-code-point@npm:^4.0.0":
  version: 4.0.0
  resolution: "is-fullwidth-code-point@npm:4.0.0"
  checksum: 8ae89bf5057bdf4f57b346fb6c55e9c3dd2549983d54191d722d5c739397a903012cc41a04ee3403fd872e811243ef91a7c5196da7b5841dc6b6aae31a264a8d
  languageName: node
  linkType: hard

"is-fullwidth-code-point@npm:^5.0.0":
  version: 5.0.0
  resolution: "is-fullwidth-code-point@npm:5.0.0"
  dependencies:
    get-east-asian-width: "npm:^1.0.0"
  checksum: 8dfb2d2831b9e87983c136f5c335cd9d14c1402973e357a8ff057904612ed84b8cba196319fabedf9aefe4639e14fe3afe9d9966d1d006ebeb40fe1fed4babe5
  languageName: node
  linkType: hard

"is-node-process@npm:^1.2.0":
  version: 1.2.0
  resolution: "is-node-process@npm:1.2.0"
  checksum: 930765cdc6d81ab8f1bbecbea4a8d35c7c6d88a3ff61f3630e0fc7f22d624d7661c1df05c58547d0eb6a639dfa9304682c8e342c4113a6ed51472b704cee2928
  languageName: node
  linkType: hard

"is-number@npm:^7.0.0":
  version: 7.0.0
  resolution: "is-number@npm:7.0.0"
  checksum: 6a6c3383f68afa1e05b286af866017c78f1226d43ac8cb064e115ff9ed85eb33f5c4f7216c96a71e4dfea289ef52c5da3aef5bbfade8ffe47a0465d70c0c8e86
  languageName: node
  linkType: hard

"is-stream@npm:^3.0.0":
  version: 3.0.0
  resolution: "is-stream@npm:3.0.0"
  checksum: 172093fe99119ffd07611ab6d1bcccfe8bc4aa80d864b15f43e63e54b7abc71e779acd69afdb854c4e2a67fdc16ae710e370eda40088d1cfc956a50ed82d8f16
  languageName: node
  linkType: hard

"isexe@npm:^2.0.0":
  version: 2.0.0
  resolution: "isexe@npm:2.0.0"
  checksum: 7c9f715c03aff08f35e98b1fadae1b9267b38f0615d501824f9743f3aab99ef10e303ce7db3f186763a0b70a19de5791ebfc854ff884d5a8c4d92211f642ec92
  languageName: node
  linkType: hard

"lilconfig@npm:~3.1.3":
  version: 3.1.3
  resolution: "lilconfig@npm:3.1.3"
  checksum: b932ce1af94985f0efbe8896e57b1f814a48c8dbd7fc0ef8469785c6303ed29d0090af3ccad7e36b626bfca3a4dc56cc262697e9a8dd867623cf09a39d54e4c3
  languageName: node
  linkType: hard

"lint-staged@npm:^15.2.10":
  version: 15.2.11
  resolution: "lint-staged@npm:15.2.11"
  dependencies:
    chalk: "npm:~5.3.0"
    commander: "npm:~12.1.0"
    debug: "npm:~4.4.0"
    execa: "npm:~8.0.1"
    lilconfig: "npm:~3.1.3"
    listr2: "npm:~8.2.5"
    micromatch: "npm:~4.0.8"
    pidtree: "npm:~0.6.0"
    string-argv: "npm:~0.3.2"
    yaml: "npm:~2.6.1"
  bin:
    lint-staged: bin/lint-staged.js
  checksum: b3fa66401fee667c39b28ed8d0dc28213e6c23d5cb88ca599e030e1eb7fd4ed199f2e3c4b02ae65ded9f5a30e0168a4c3cf3a3cf12959f195864962dba37e917
  languageName: node
  linkType: hard

"listr2@npm:~8.2.5":
  version: 8.2.5
  resolution: "listr2@npm:8.2.5"
  dependencies:
    cli-truncate: "npm:^4.0.0"
    colorette: "npm:^2.0.20"
    eventemitter3: "npm:^5.0.1"
    log-update: "npm:^6.1.0"
    rfdc: "npm:^1.4.1"
    wrap-ansi: "npm:^9.0.0"
  checksum: c76542f18306195e464fe10203ee679a7beafa9bf0dc679ebacb416387cca8f5307c1d8ba35483d26ba611dc2fac5a1529733dce28f2660556082fb7eebb79f9
  languageName: node
  linkType: hard

"log-update@npm:^6.1.0":
  version: 6.1.0
  resolution: "log-update@npm:6.1.0"
  dependencies:
    ansi-escapes: "npm:^7.0.0"
    cli-cursor: "npm:^5.0.0"
    slice-ansi: "npm:^7.1.0"
    strip-ansi: "npm:^7.1.0"
    wrap-ansi: "npm:^9.0.0"
  checksum: 5abb4131e33b1e7f8416bb194fe17a3603d83e4657c5bf5bb81ce4187f3b00ea481643b85c3d5cefe6037a452cdcf7f1391ab8ea0d9c23e75d19589830ec4f11
  languageName: node
  linkType: hard

"merge-stream@npm:^2.0.0":
  version: 2.0.0
  resolution: "merge-stream@npm:2.0.0"
  checksum: 6fa4dcc8d86629705cea944a4b88ef4cb0e07656ebf223fa287443256414283dd25d91c1cd84c77987f2aec5927af1a9db6085757cb43d90eb170ebf4b47f4f4
  languageName: node
  linkType: hard

"micromatch@npm:~4.0.8":
  version: 4.0.8
  resolution: "micromatch@npm:4.0.8"
  dependencies:
    braces: "npm:^3.0.3"
    picomatch: "npm:^2.3.1"
  checksum: 6bf2a01672e7965eb9941d1f02044fad2bd12486b5553dc1116ff24c09a8723157601dc992e74c911d896175918448762df3b3fd0a6b61037dd1a9766ddfbf58
  languageName: node
  linkType: hard

"mimic-fn@npm:^4.0.0":
  version: 4.0.0
  resolution: "mimic-fn@npm:4.0.0"
  checksum: 995dcece15ee29aa16e188de6633d43a3db4611bcf93620e7e62109ec41c79c0f34277165b8ce5e361205049766e371851264c21ac64ca35499acb5421c2ba56
  languageName: node
  linkType: hard

"mimic-function@npm:^5.0.0":
  version: 5.0.1
  resolution: "mimic-function@npm:5.0.1"
  checksum: eb5893c99e902ccebbc267c6c6b83092966af84682957f79313311edb95e8bb5f39fb048d77132b700474d1c86d90ccc211e99bae0935447a4834eb4c882982c
  languageName: node
  linkType: hard

"ms@npm:^2.1.3":
  version: 2.1.3
  resolution: "ms@npm:2.1.3"
  checksum: aa92de608021b242401676e35cfa5aa42dd70cbdc082b916da7fb925c542173e36bce97ea3e804923fe92c0ad991434e4a38327e15a1b5b5f945d66df615ae6d
  languageName: node
  linkType: hard

"msw@npm:^2.11.5":
  version: 2.11.6
  resolution: "msw@npm:2.11.6"
  dependencies:
    "@inquirer/confirm": ^5.0.0
    "@mswjs/interceptors": ^0.40.0
    "@open-draft/deferred-promise": ^2.2.0
    "@types/statuses": ^2.0.4
    cookie: ^1.0.2
    graphql: ^16.8.1
    headers-polyfill: ^4.0.2
    is-node-process: ^1.2.0
    outvariant: ^1.4.3
    path-to-regexp: ^6.3.0
    picocolors: ^1.1.1
    rettime: ^0.7.0
    statuses: ^2.0.2
    strict-event-emitter: ^0.5.1
    tough-cookie: ^6.0.0
    type-fest: ^4.26.1
    until-async: ^3.0.2
    yargs: ^17.7.2
  peerDependencies:
    typescript: ">= 4.8.x"
  peerDependenciesMeta:
    typescript:
      optional: true
  bin:
    msw: cli/index.js
  checksum: 8/826e25f61d1fb13d25468c4eb9e436e985b93b4052d5bf9793bb714a13d8edf342664a3d2ba24aa48d7e29baa4fbef4c6827181beb95b8e6eb7f4b8d7146bad0
  languageName: node
  linkType: hard

"mute-stream@npm:^2.0.0":
  version: 2.0.0
  resolution: "mute-stream@npm:2.0.0"
  checksum: d2e4fd2f5aa342b89b98134a8d899d8ef9b0a6d69274c4af9df46faa2d97aeb1f2ce83d867880d6de63643c52386579b99139801e24e7526c3b9b0a6d1e18d6c
  languageName: node
  linkType: hard

"npm-run-path@npm:^5.1.0":
  version: 5.3.0
  resolution: "npm-run-path@npm:5.3.0"
  dependencies:
    path-key: "npm:^4.0.0"
  checksum: ae8e7a89da9594fb9c308f6555c73f618152340dcaae423e5fb3620026fefbec463618a8b761920382d666fa7a2d8d240b6fe320e8a6cdd54dc3687e2b659d25
  languageName: node
  linkType: hard

"onetime@npm:^6.0.0":
  version: 6.0.0
  resolution: "onetime@npm:6.0.0"
  dependencies:
    mimic-fn: "npm:^4.0.0"
  checksum: 0846ce78e440841335d4e9182ef69d5762e9f38aa7499b19f42ea1c4cd40f0b4446094c455c713f9adac3f4ae86f613bb5e30c99e52652764d06a89f709b3788
  languageName: node
  linkType: hard

"onetime@npm:^7.0.0":
  version: 7.0.0
  resolution: "onetime@npm:7.0.0"
  dependencies:
    mimic-function: "npm:^5.0.0"
  checksum: eb08d2da9339819e2f9d52cab9caf2557d80e9af8c7d1ae86e1a0fef027d00a88e9f5bd67494d350df360f7c559fbb44e800b32f310fb989c860214eacbb561c
  languageName: node
  linkType: hard

"outvariant@npm:^1.4.0, outvariant@npm:^1.4.3":
  version: 1.4.3
  resolution: "outvariant@npm:1.4.3"
  checksum: 3a7582745850cb344d49641867a4c080858c54f4091afd91b9c0765ba6e471c2bc841348f0fff344845ddd0a4db42fd5d68c6f7ebaf32d4b676a3a9987b2488a
  languageName: node
  linkType: hard

"path-key@npm:^3.1.0":
  version: 3.1.1
  resolution: "path-key@npm:3.1.1"
  checksum: 55cd7a9dd4b343412a8386a743f9c746ef196e57c823d90ca3ab917f90ab9f13dd0ded27252ba49dbdfcab2b091d998bc446f6220cd3cea65db407502a740020
  languageName: node
  linkType: hard

"path-key@npm:^4.0.0":
  version: 4.0.0
  resolution: "path-key@npm:4.0.0"
  checksum: 8e6c314ae6d16b83e93032c61020129f6f4484590a777eed709c4a01b50e498822b00f76ceaf94bc64dbd90b327df56ceadce27da3d83393790f1219e07721d7
  languageName: node
  linkType: hard

"path-to-regexp@npm:^6.3.0":
  version: 6.3.0
  resolution: "path-to-regexp@npm:6.3.0"
  checksum: 6822f686f01556d99538b350722ef761541ec0ce95ca40ce4c29e20a5b492fe8361961f57993c71b2418de12e604478dcf7c430de34b2c31a688363a7a944d9c
  languageName: node
  linkType: hard

"picocolors@npm:^1.1.1":
  version: 1.1.1
  resolution: "picocolors@npm:1.1.1"
  checksum: e1cf46bf84886c79055fdfa9dcb3e4711ad259949e3565154b004b260cd356c5d54b31a1437ce9782624bf766272fe6b0154f5f0c744fb7af5d454d2b60db045
  languageName: node
  linkType: hard

"picomatch@npm:^2.3.1":
  version: 2.3.1
  resolution: "picomatch@npm:2.3.1"
  checksum: 60c2595003b05e4535394d1da94850f5372c9427ca4413b71210f437f7b2ca091dbd611c45e8b37d10036fa8eade25c1b8951654f9d3973bfa66a2ff4d3b08bc
  languageName: node
  linkType: hard

"pidtree@npm:~0.6.0":
  version: 0.6.0
  resolution: "pidtree@npm:0.6.0"
  bin:
    pidtree: bin/pidtree.js
  checksum: ea67fb3159e170fd069020e0108ba7712df9f0fd13c8db9b2286762856ddce414fb33932e08df4bfe36e91fe860b51852aee49a6f56eb4714b69634343add5df
  languageName: node
  linkType: hard

"prettier@npm:^3.6.2":
  version: 3.6.2
  resolution: "prettier@npm:3.6.2"
  bin:
    prettier: bin/prettier.cjs
  checksum: 1213691706bcef1371d16ef72773c8111106c3533b660b1cc8ec158bd109cdf1462804125f87f981f23c4a3dba053b6efafda30ab0114cc5b4a725606bb9ff26
  languageName: node
  linkType: hard

"require-directory@npm:^2.1.1":
  version: 2.1.1
  resolution: "require-directory@npm:2.1.1"
  checksum: a72468e2589270d91f06c7d36ec97a88db53ae5d6fe3787fadc943f0b0276b10347f89b363b2a82285f650bdcc135ad4a257c61bdd4d00d6df1fa24875b0ddaf
  languageName: node
  linkType: hard

"restore-cursor@npm:^5.0.0":
  version: 5.1.0
  resolution: "restore-cursor@npm:5.1.0"
  dependencies:
    onetime: "npm:^7.0.0"
    signal-exit: "npm:^4.1.0"
  checksum: 838dd54e458d89cfbc1a923b343c1b0f170a04100b4ce1733e97531842d7b440463967e521216e8ab6c6f8e89df877acc7b7f4c18ec76e99fb9bf5a60d358d2c
  languageName: node
  linkType: hard

"rettime@npm:^0.7.0":
  version: 0.7.0
  resolution: "rettime@npm:0.7.0"
  checksum: 8/1ad3984a4f8000adf56c623882170115d7453b3bbaed56429a40077b067fad98c1c5db9a58e63793add15a97006fa7c817516d985c3347df40b5d274dc087803
  languageName: node
  linkType: hard

"rfdc@npm:^1.4.1":
  version: 1.4.1
  resolution: "rfdc@npm:1.4.1"
  checksum: 2f3d11d3d8929b4bfeefc9acb03aae90f971401de0add5ae6c5e38fec14f0405e6a4aad8fdb76344bfdd20c5193110e3750cbbd28ba86d73729d222b6cf4a729
  languageName: node
  linkType: hard

"shebang-command@npm:^2.0.0":
  version: 2.0.0
  resolution: "shebang-command@npm:2.0.0"
  dependencies:
    shebang-regex: "npm:^3.0.0"
  checksum: 6b52fe87271c12968f6a054e60f6bde5f0f3d2db483a1e5c3e12d657c488a15474121a1d55cd958f6df026a54374ec38a4a963988c213b7570e1d51575cea7fa
  languageName: node
  linkType: hard

"shebang-regex@npm:^3.0.0":
  version: 3.0.0
  resolution: "shebang-regex@npm:3.0.0"
  checksum: 1a2bcae50de99034fcd92ad4212d8e01eedf52c7ec7830eedcf886622804fe36884278f2be8be0ea5fde3fd1c23911643a4e0f726c8685b61871c8908af01222
  languageName: node
  linkType: hard

"signal-exit@npm:^4.1.0":
  version: 4.1.0
  resolution: "signal-exit@npm:4.1.0"
  checksum: c9fa63bbbd7431066174a48ba2dd9986dfd930c3a8b59de9c29d7b6854ec1c12a80d15310869ea5166d413b99f041bfa3dd80a7947bcd44ea8e6eb3ffeabfa1f
  languageName: node
  linkType: hard

"slice-ansi@npm:^5.0.0":
  version: 5.0.0
  resolution: "slice-ansi@npm:5.0.0"
  dependencies:
    ansi-styles: "npm:^6.0.0"
    is-fullwidth-code-point: "npm:^4.0.0"
  checksum: 7e600a2a55e333a21ef5214b987c8358fe28bfb03c2867ff2cbf919d62143d1812ac27b4297a077fdaf27a03da3678e49551c93e35f9498a3d90221908a1180e
  languageName: node
  linkType: hard

"slice-ansi@npm:^7.1.0":
  version: 7.1.0
  resolution: "slice-ansi@npm:7.1.0"
  dependencies:
    ansi-styles: "npm:^6.2.1"
    is-fullwidth-code-point: "npm:^5.0.0"
  checksum: 10313dd3cf7a2e4b265f527b1684c7c568210b09743fd1bd74f2194715ed13ffba653dc93a5fa79e3b1711518b8990a732cb7143aa01ddafe626e99dfa6474b2
  languageName: node
  linkType: hard

"statuses@npm:^2.0.2":
  version: 2.0.2
  resolution: "statuses@npm:2.0.2"
  checksum: 8/6927feb50c2a75b2a4caab2c565491f7a93ad3d8dbad7b1398d52359e9243a20e2ebe35e33726dee945125ef7a515e9097d8a1b910ba2bbd818265a2f6c39879
  languageName: node
  linkType: hard

"strict-event-emitter@npm:^0.5.1":
  version: 0.5.1
  resolution: "strict-event-emitter@npm:0.5.1"
  checksum: 25c84d88be85940d3547db665b871bfecea4ea0bedfeb22aae8db48126820cfb2b0bc2fba695392592a09b1aa36b686d6eede499e1ecd151593c03fe5a50d512
  languageName: node
  linkType: hard

"string-argv@npm:~0.3.2":
  version: 0.3.2
  resolution: "string-argv@npm:0.3.2"
  checksum: f9d3addf887026b4b5f997a271149e93bf71efc8692e7dc0816e8807f960b18bcb9787b45beedf0f97ff459575ee389af3f189d8b649834cac602f2e857e75af
  languageName: node
  linkType: hard

"string-width@npm:^4.1.0, string-width@npm:^4.2.0, string-width@npm:^4.2.3":
  version: 4.2.3
  resolution: "string-width@npm:4.2.3"
  dependencies:
    emoji-regex: "npm:^8.0.0"
    is-fullwidth-code-point: "npm:^3.0.0"
    strip-ansi: "npm:^6.0.1"
  checksum: e52c10dc3fbfcd6c3a15f159f54a90024241d0f149cf8aed2982a2d801d2e64df0bf1dc351cf8e95c3319323f9f220c16e740b06faecd53e2462df1d2b5443fb
  languageName: node
  linkType: hard

"string-width@npm:^7.0.0":
  version: 7.2.0
  resolution: "string-width@npm:7.2.0"
  dependencies:
    emoji-regex: "npm:^10.3.0"
    get-east-asian-width: "npm:^1.0.0"
    strip-ansi: "npm:^7.1.0"
  checksum: 42f9e82f61314904a81393f6ef75b832c39f39761797250de68c041d8ba4df2ef80db49ab6cd3a292923a6f0f409b8c9980d120f7d32c820b4a8a84a2598a295
  languageName: node
  linkType: hard

"strip-ansi@npm:^6.0.0, strip-ansi@npm:^6.0.1":
  version: 6.0.1
  resolution: "strip-ansi@npm:6.0.1"
  dependencies:
    ansi-regex: "npm:^5.0.1"
  checksum: ae3b5436d34fadeb6096367626ce987057713c566e1e7768818797e00ac5d62023d0f198c4e681eae9e20701721980b26a64a8f5b91238869592a9c6800719a2
  languageName: node
  linkType: hard

"strip-ansi@npm:^7.1.0":
  version: 7.1.0
  resolution: "strip-ansi@npm:7.1.0"
  dependencies:
    ansi-regex: "npm:^6.0.1"
  checksum: 475f53e9c44375d6e72807284024ac5d668ee1d06010740dec0b9744f2ddf47de8d7151f80e5f6190fc8f384e802fdf9504b76a7e9020c9faee7103623338be2
  languageName: node
  linkType: hard

"strip-final-newline@npm:^3.0.0":
  version: 3.0.0
  resolution: "strip-final-newline@npm:3.0.0"
  checksum: 23ee263adfa2070cd0f23d1ac14e2ed2f000c9b44229aec9c799f1367ec001478469560abefd00c5c99ee6f0b31c137d53ec6029c53e9f32a93804e18c201050
  languageName: node
  linkType: hard

"tldts-core@npm:^7.0.17":
  version: 7.0.17
  resolution: "tldts-core@npm:7.0.17"
  checksum: 8/8b95ad5968c3d0b9e2cf5fdf0d88b5a668093da255758a427ac16795b6a9c86a5d788dfe6803d87d95009bf6d88293b02b11b14bd88bdcb3b2354c2f346b618c
  languageName: node
  linkType: hard

"tldts@npm:^7.0.5":
  version: 7.0.17
  resolution: "tldts@npm:7.0.17"
  dependencies:
    tldts-core: ^7.0.17
  bin:
    tldts: bin/cli.js
  checksum: 8/57689a9d0b632fd864328e9a7ba6dd750643bfe86bbf58cf0cd6e96b736a375b9e0430127020186ea4f5d2ad1dbc2e1c15b078aec69a04b290153bdc4bc372a9
  languageName: node
  linkType: hard

"to-regex-range@npm:^5.0.1":
  version: 5.0.1
  resolution: "to-regex-range@npm:5.0.1"
  dependencies:
    is-number: "npm:^7.0.0"
  checksum: 10dda13571e1f5ad37546827e9b6d4252d2e0bc176c24a101252153ef435d83696e2557fe128c4678e4e78f5f01e83711c703eef9814eb12dab028580d45980a
  languageName: node
  linkType: hard

"tough-cookie@npm:^6.0.0":
  version: 6.0.0
  resolution: "tough-cookie@npm:6.0.0"
  dependencies:
    tldts: ^7.0.5
  checksum: 8/66d32ee40e1c6c61be5388e1c124674871dae0a684c30853f1628a4da2c5ad4199a825d1b0a7ba424dadfba7b5a9b37e8c761eafbf48f1b9f75a4629e73b14bc
  languageName: node
  linkType: hard

"tslib@npm:^2.4.0":
  version: 2.8.1
  resolution: "tslib@npm:2.8.1"
  checksum: 3e2e043d5c2316461cb54e5c7fe02c30ef6dccb3384717ca22ae5c6b5bc95232a6241df19c622d9c73b809bea33b187f6dbc73030963e29950c2141bc32a79f7
  languageName: node
  linkType: hard

"type-fest@npm:^0.21.3":
  version: 0.21.3
  resolution: "type-fest@npm:0.21.3"
  checksum: f4254070d9c3d83a6e573bcb95173008d73474ceadbbf620dd32d273940ca18734dff39c2b2480282df9afe5d1675ebed5499a00d791758748ea81f61a38961f
  languageName: node
  linkType: hard

"type-fest@npm:^4.26.1":
  version: 4.31.0
  resolution: "type-fest@npm:4.31.0"
  checksum: e7e849845bf33e1237c3ff0d5ed00a251a807e3321ffe75278dd56a7d3c385badfe09180057c2d0b93cf7429432b8e7061b6ccf4cc468720d8f69073d2b1bed2
  languageName: node
  linkType: hard

"until-async@npm:^3.0.2":
  version: 3.0.2
  resolution: "until-async@npm:3.0.2"
  checksum: 8/7134a00131457f03983a22deb11a726441169bfd38ac963cd9cd0b3057498c4bb94022cbb968f2d5cc60f1a75aa3c141ec403fc52ea5a4732e239aa7ce1f5e73
  languageName: node
  linkType: hard

"which@npm:^2.0.1":
  version: 2.0.2
  resolution: "which@npm:2.0.2"
  dependencies:
    isexe: "npm:^2.0.0"
  bin:
    node-which: ./bin/node-which
  checksum: 4782f8a1d6b8fc12c65e968fea49f59752bf6302dc43036c3bf87da718a80710f61a062516e9764c70008b487929a73546125570acea95c5b5dcc8ac3052c70f
  languageName: node
  linkType: hard

"wrap-ansi@npm:^6.2.0":
  version: 6.2.0
  resolution: "wrap-ansi@npm:6.2.0"
  dependencies:
    ansi-styles: "npm:^4.0.0"
    string-width: "npm:^4.1.0"
    strip-ansi: "npm:^6.0.0"
  checksum: 0d64f2d438e0b555e693b95aee7b2689a12c3be5ac458192a1ce28f542a6e9e59ddfecc37520910c2c88eb1f82a5411260566dba5064e8f9895e76e169e76187
  languageName: node
  linkType: hard

"wrap-ansi@npm:^7.0.0":
  version: 7.0.0
  resolution: "wrap-ansi@npm:7.0.0"
  dependencies:
    ansi-styles: "npm:^4.0.0"
    string-width: "npm:^4.1.0"
    strip-ansi: "npm:^6.0.0"
  checksum: cebdaeca3a6880da410f75209e68cd05428580de5ad24535f22696d7d9cab134d1f8498599f344c3cf0fb37c1715807a183778d8c648d6cc0cb5ff2bb4236540
  languageName: node
  linkType: hard

"wrap-ansi@npm:^9.0.0":
  version: 9.0.0
  resolution: "wrap-ansi@npm:9.0.0"
  dependencies:
    ansi-styles: "npm:^6.2.1"
    string-width: "npm:^7.0.0"
    strip-ansi: "npm:^7.1.0"
  checksum: b9d91564c091cf3978a7c18ca0f3e4d4606e83549dbe59cf76f5e77feefdd5ec91443155e8102630524d10a8c275efac8a7082c0f26fa43e6b989dc150d176ce
  languageName: node
  linkType: hard

"y18n@npm:^5.0.5":
  version: 5.0.8
  resolution: "y18n@npm:5.0.8"
  checksum: 5f1b5f95e3775de4514edbb142398a2c37849ccfaf04a015be5d75521e9629d3be29bd4432d23c57f37e5b61ade592fb0197022e9993f81a06a5afbdcda9346d
  languageName: node
  linkType: hard

"yaml@npm:~2.6.1":
  version: 2.6.1
  resolution: "yaml@npm:2.6.1"
  bin:
    yaml: bin.mjs
  checksum: cf412f03a33886db0a3aac70bb4165588f4c5b3c6f8fc91520b71491e5537800b6c2c73ed52015617f6e191eb4644c73c92973960a1999779c62a200ee4c231d
  languageName: node
  linkType: hard

"yargs-parser@npm:^21.1.1":
  version: 21.1.1
  resolution: "yargs-parser@npm:21.1.1"
  checksum: 9dc2c217ea3bf8d858041252d43e074f7166b53f3d010a8c711275e09cd3d62a002969a39858b92bbda2a6a63a585c7127014534a560b9c69ed2d923d113406e
  languageName: node
  linkType: hard

"yargs@npm:^17.7.2":
  version: 17.7.2
  resolution: "yargs@npm:17.7.2"
  dependencies:
    cliui: "npm:^8.0.1"
    escalade: "npm:^3.1.1"
    get-caller-file: "npm:^2.0.5"
    require-directory: "npm:^2.1.1"
    string-width: "npm:^4.2.3"
    y18n: "npm:^5.0.5"
    yargs-parser: "npm:^21.1.1"
  checksum: abb3e37678d6e38ea85485ed86ebe0d1e3464c640d7d9069805ea0da12f69d5a32df8e5625e370f9c96dd1c2dc088ab2d0a4dd32af18222ef3c4224a19471576
  languageName: node
  linkType: hard

"yoctocolors-cjs@npm:^2.1.2":
  version: 2.1.2
  resolution: "yoctocolors-cjs@npm:2.1.2"
  checksum: d731e3ba776a0ee19021d909787942933a6c2eafb2bbe85541f0c59aa5c7d475ce86fcb860d5803105e32244c3dd5ba875b87c4c6bf2d6f297da416aa54e556f
  languageName: node
  linkType: hard
